<?xml version="1.0" encoding="utf-8"?>
<Project ToolsVersion="4.0" xmlns="http://schemas.microsoft.com/developer/msbuild/2003">
  <ItemGroup>
    <Filter Include="Source Files">
      <UniqueIdentifier>{4FC737F1-C7A5-4376-A066-2A32D752A2FF}</UniqueIdentifier>
      <Extensions>cpp;c;cc;cxx;def;odl;idl;hpj;bat;asm;asmx</Extensions>
    </Filter>
    <Filter Include="Header Files">
      <UniqueIdentifier>{93995380-89BD-4b04-88EB-625FBE52EBFB}</UniqueIdentifier>
      <Extensions>h;hpp;hxx;hm;inl;inc;xsd</Extensions>
    </Filter>
    <Filter Include="Resource Files">
      <UniqueIdentifier>{67DA6AB6-F800-4c08-8B7A-83BB121AAD01}</UniqueIdentifier>
      <Extensions>rc;ico;cur;bmp;dlg;rc2;rct;bin;rgs;gif;jpg;jpeg;jpe;resx;tiff;tif;png;wav</Extensions>
    </Filter>
  </ItemGroup>
  <ItemGroup>
    <ClCompile Include="lgvid.cpp">
      <Filter>Source Files</Filter>
    </ClCompile>
    <ClCompile Include="lgvs_lgvid_subs.cpp">
      <Filter>Source Files</Filter>
    </ClCompile>
    <ClCompile Include="lgvs_srt_parser.cpp">
      <Filter>Source Files</Filter>
    </ClCompile>
    <ClCompile Include="lgvs_string_helper.cpp">
      <Filter>Source Files</Filter>
    </ClCompile>
    <ClCompile Include="lgvs_subtitle.cpp">
      <Filter>Source Files</Filter>
    </ClCompile>
    <ClCompile Include="lgvs_detours.cpp">
      <Filter>Source Files</Filter>
    </ClCompile>
    <ClCompile Include="lgvs_system.cpp">
      <Filter>Source Files</Filter>
    </ClCompile>
    <ClCompile Include="lgvs_d3dx9_funcs.cpp">
      <Filter>Source Files</Filter>
    </ClCompile>
    <ClCompile Include="lgvs_globals.cpp">
      <Filter>Source Files</Filter>
    </ClCompile>
    <ClCompile Include="lgvs_d3d9_renderer.cpp">
      <Filter>Source Files</Filter>
    </ClCompile>
    <ClCompile Include="lgvs_config.cpp">
      <Filter>Source Files</Filter>
    </ClCompile>
    <ClCompile Include="lgvs_detour.cpp">
      <Filter>Source Files</Filter>
    </ClCompile>
    <ClCompile Include="lgvs_trampoline_cache.cpp">
      <Filter>Source Files</Filter>
    </ClCompile>
  </ItemGroup>
  <ItemGroup>
    <ClInclude Include="lgviddecoder.h">
      <Filter>Header Files</Filter>
    </ClInclude>
    <ClInclude Include="lgvs_lgvid_subs.h">
      <Filter>Header Files</Filter>
    </ClInclude>
    <ClInclude Include="lgvs_com_helper.h">
      <Filter>Header Files</Filter>
    </ClInclude>
    <ClInclude Include="lgvs_math.h">
      <Filter>Header Files</Filter>
    </ClInclude>
    <ClInclude Include="lgvs_srt_parser.h">
      <Filter>Header Files</Filter>
    </ClInclude>
    <ClInclude Include="lgvs_string_helper.h">
      <Filter>Header Files</Filter>
    </ClInclude>
    <ClInclude Include="lgvs_subtitle.h">
      <Filter>Header Files</Filter>
    </ClInclude>
    <ClInclude Include="lgvs_types.h">
      <Filter>Header Files</Filter>
    </ClInclude>
    <ClInclude Include="lgvs_detours.h">
      <Filter>Header Files</Filter>
    </ClInclude>
    <ClInclude Include="lgvs_system.h">
      <Filter>Header Files</Filter>
    </ClInclude>
    <ClInclude Include="lgvs_d3dx9_funcs.h">
      <Filter>Header Files</Filter>
    </ClInclude>
    <ClInclude Include="lgvs_globals.h">
      <Filter>Header Files</Filter>
    </ClInclude>
    <ClInclude Include="lgvs_d3d9_renderer.h">
      <Filter>Header Files</Filter>
    </ClInclude>
    <ClInclude Include="lgvs_config.h">
      <Filter>Header Files</Filter>
    </ClInclude>
    <ClInclude Include="lgvs_detour.h">
      <Filter>Header Files</Filter>
    </ClInclude>
    <ClInclude Include="lgvs_trampoline_cache.h">
      <Filter>Header Files</Filter>
    </ClInclude>
  </ItemGroup>
</Project>